// !$*UTF8*$!
{
	archiveVersion = 1;
	classes = {
	};
	objectVersion = 46;
	objects = {

/* Begin PBXBuildFile section */
		102F8E571E64369300AC6759 /* AppDelegate.swift in Sources */ = {isa = PBXBuildFile; fileRef = 102F8E561E64369300AC6759 /* AppDelegate.swift */; };
		102F8E591E64369300AC6759 /* ViewController.swift in Sources */ = {isa = PBXBuildFile; fileRef = 102F8E581E64369300AC6759 /* ViewController.swift */; };
		102F8E5B1E64369300AC6759 /* Assets.xcassets in Resources */ = {isa = PBXBuildFile; fileRef = 102F8E5A1E64369300AC6759 /* Assets.xcassets */; };
		102F8E5E1E64369300AC6759 /* Main.storyboard in Resources */ = {isa = PBXBuildFile; fileRef = 102F8E5C1E64369300AC6759 /* Main.storyboard */; };
/* End PBXBuildFile section */

/* Begin PBXContainerItemProxy section */
		102F8E651E64369300AC6759 /* PBXContainerItemProxy */ = {
			isa = PBXContainerItemProxy;
			containerPortal = 102F8E4B1E64369300AC6759 /* Project object */;
			proxyType = 1;
			remoteGlobalIDString = 102F8E521E64369300AC6759;
			remoteInfo = Print;
		};
		102F8E701E64369300AC6759 /* PBXContainerItemProxy */ = {
			isa = PBXContainerItemProxy;
			containerPortal = 102F8E4B1E64369300AC6759 /* Project object */;
			proxyType = 1;
			remoteGlobalIDString = 102F8E521E64369300AC6759;
			remoteInfo = Print;
		};
/* End PBXContainerItemProxy section */

/* Begin PBXFileReference section */
		102F8E531E64369300AC6759 /* Printer.app */ = {isa = PBXFileReference; explicitFileType = wrapper.application; includeInIndex = 0; path = Printer.app; sourceTree = BUILT_PRODUCTS_DIR; };
		102F8E561E64369300AC6759 /* AppDelegate.swift */ = {isa = PBXFileReference; lastKnownFileType = sourcecode.swift; path = AppDelegate.swift; sourceTree = "<group>"; };
		102F8E581E64369300AC6759 /* ViewController.swift */ = {isa = PBXFileReference; lastKnownFileType = sourcecode.swift; path = ViewController.swift; sourceTree = "<group>"; };
		102F8E5A1E64369300AC6759 /* Assets.xcassets */ = {isa = PBXFileReference; lastKnownFileType = folder.assetcatalog; path = Assets.xcassets; sourceTree = "<group>"; };
		102F8E5D1E64369300AC6759 /* Base */ = {isa = PBXFileReference; lastKnownFileType = file.storyboard; name = Base; path = Base.lproj/Main.storyboard; sourceTree = "<group>"; };
		102F8E5F1E64369300AC6759 /* Info.plist */ = {isa = PBXFileReference; lastKnownFileType = text.plist.xml; path = Info.plist; sourceTree = "<group>"; };
		102F8E641E64369300AC6759 /* PrinterTests.xctest */ = {isa = PBXFileReference; explicitFileType = wrapper.cfbundle; includeInIndex = 0; path = PrinterTests.xctest; sourceTree = BUILT_PRODUCTS_DIR; };
		102F8E6F1E64369300AC6759 /* PrinterUITests.xctest */ = {isa = PBXFileReference; explicitFileType = wrapper.cfbundle; includeInIndex = 0; path = PrinterUITests.xctest; sourceTree = BUILT_PRODUCTS_DIR; };
/* End PBXFileReference section */

/* Begin PBXFrameworksBuildPhase section */
		102F8E501E64369300AC6759 /* Frameworks */ = {
			isa = PBXFrameworksBuildPhase;
			buildActionMask = 2147483647;
			files = (
			);
			runOnlyForDeploymentPostprocessing = 0;
		};
		102F8E611E64369300AC6759 /* Frameworks */ = {
			isa = PBXFrameworksBuildPhase;
			buildActionMask = 2147483647;
			files = (
			);
			runOnlyForDeploymentPostprocessing = 0;
		};
		102F8E6C1E64369300AC6759 /* Frameworks */ = {
			isa = PBXFrameworksBuildPhase;
			buildActionMask = 2147483647;
			files = (
			);
			runOnlyForDeploymentPostprocessing = 0;
		};
/* End PBXFrameworksBuildPhase section */

/* Begin PBXGroup section */
		102F8E4A1E64369300AC6759 = {
			isa = PBXGroup;
			children = (
				102F8E551E64369300AC6759 /* Print */,
				102F8E541E64369300AC6759 /* Products */,
			);
			sourceTree = "<group>";
		};
		102F8E541E64369300AC6759 /* Products */ = {
			isa = PBXGroup;
			children = (
				102F8E531E64369300AC6759 /* Printer.app */,
				102F8E641E64369300AC6759 /* PrinterTests.xctest */,
				102F8E6F1E64369300AC6759 /* PrinterUITests.xctest */,
			);
			name = Products;
			sourceTree = "<group>";
		};
		102F8E551E64369300AC6759 /* Print */ = {
			isa = PBXGroup;
			children = (
				102F8E561E64369300AC6759 /* AppDelegate.swift */,
				102F8E581E64369300AC6759 /* ViewController.swift */,
				102F8E5A1E64369300AC6759 /* Assets.xcassets */,
				102F8E5C1E64369300AC6759 /* Main.storyboard */,
				102F8E5F1E64369300AC6759 /* Info.plist */,
			);
			path = Print;
			sourceTree = "<group>";
		};
/* End PBXGroup section */

/* Begin PBXNativeTarget section */
		102F8E521E64369300AC6759 /* Printer */ = {
			isa = PBXNativeTarget;
			buildConfigurationList = 102F8E781E64369300AC6759 /* Build configuration list for PBXNativeTarget "Printer" */;
			buildPhases = (
				102F8E4F1E64369300AC6759 /* Sources */,
				102F8E501E64369300AC6759 /* Frameworks */,
				102F8E511E64369300AC6759 /* Resources */,
			);
			buildRules = (
			);
			dependencies = (
			);
			name = Printer;
			productName = Print;
			productReference = 102F8E531E64369300AC6759 /* Printer.app */;
			productType = "com.apple.product-type.application";
		};
		102F8E631E64369300AC6759 /* PrinterTests */ = {
			isa = PBXNativeTarget;
			buildConfigurationList = 102F8E7B1E64369300AC6759 /* Build configuration list for PBXNativeTarget "PrinterTests" */;
			buildPhases = (
				102F8E601E64369300AC6759 /* Sources */,
				102F8E611E64369300AC6759 /* Frameworks */,
				102F8E621E64369300AC6759 /* Resources */,
			);
			buildRules = (
			);
			dependencies = (
				102F8E661E64369300AC6759 /* PBXTargetDependency */,
			);
			name = PrinterTests;
			productName = PrintTests;
			productReference = 102F8E641E64369300AC6759 /* PrinterTests.xctest */;
			productType = "com.apple.product-type.bundle.unit-test";
		};
		102F8E6E1E64369300AC6759 /* PrinterUITests */ = {
			isa = PBXNativeTarget;
			buildConfigurationList = 102F8E7E1E64369300AC6759 /* Build configuration list for PBXNativeTarget "PrinterUITests" */;
			buildPhases = (
				102F8E6B1E64369300AC6759 /* Sources */,
				102F8E6C1E64369300AC6759 /* Frameworks */,
				102F8E6D1E64369300AC6759 /* Resources */,
			);
			buildRules = (
			);
			dependencies = (
				102F8E711E64369300AC6759 /* PBXTargetDependency */,
			);
			name = PrinterUITests;
			productName = PrintUITests;
			productReference = 102F8E6F1E64369300AC6759 /* PrinterUITests.xctest */;
			productType = "com.apple.product-type.bundle.ui-testing";
		};
/* End PBXNativeTarget section */

/* Begin PBXProject section */
		102F8E4B1E64369300AC6759 /* Project object */ = {
			isa = PBXProject;
			attributes = {
				LastSwiftUpdateCheck = 0820;
				LastUpgradeCheck = 1420;
				ORGANIZATIONNAME = "";
				TargetAttributes = {
					102F8E521E64369300AC6759 = {
						CreatedOnToolsVersion = 8.2.1;
						LastSwiftMigration = 1010;
						ProvisioningStyle = Automatic;
					};
					102F8E631E64369300AC6759 = {
						CreatedOnToolsVersion = 8.2.1;
						ProvisioningStyle = Automatic;
						TestTargetID = 102F8E521E64369300AC6759;
					};
					102F8E6E1E64369300AC6759 = {
						CreatedOnToolsVersion = 8.2.1;
						ProvisioningStyle = Automatic;
						TestTargetID = 102F8E521E64369300AC6759;
					};
				};
			};
			buildConfigurationList = 102F8E4E1E64369300AC6759 /* Build configuration list for PBXProject "Printer" */;
			compatibilityVersion = "Xcode 3.2";
			developmentRegion = en;
			hasScannedForEncodings = 0;
			knownRegions = (
				en,
				Base,
			);
			mainGroup = 102F8E4A1E64369300AC6759;
			productRefGroup = 102F8E541E64369300AC6759 /* Products */;
			projectDirPath = "";
			projectRoot = "";
			targets = (
				102F8E521E64369300AC6759 /* Printer */,
				102F8E631E64369300AC6759 /* PrinterTests */,
				102F8E6E1E64369300AC6759 /* PrinterUITests */,
			);
		};
/* End PBXProject section */

/* Begin PBXResourcesBuildPhase section */
		102F8E511E64369300AC6759 /* Resources */ = {
			isa = PBXResourcesBuildPhase;
			buildActionMask = 2147483647;
			files = (
				102F8E5B1E64369300AC6759 /* Assets.xcassets in Resources */,
				102F8E5E1E64369300AC6759 /* Main.storyboard in Resources */,
			);
			runOnlyForDeploymentPostprocessing = 0;
		};
		102F8E621E64369300AC6759 /* Resources */ = {
			isa = PBXResourcesBuildPhase;
			buildActionMask = 2147483647;
			files = (
			);
			runOnlyForDeploymentPostprocessing = 0;
		};
		102F8E6D1E64369300AC6759 /* Resources */ = {
			isa = PBXResourcesBuildPhase;
			buildActionMask = 2147483647;
			files = (
			);
			runOnlyForDeploymentPostprocessing = 0;
		};
/* End PBXResourcesBuildPhase section */

/* Begin PBXSourcesBuildPhase section */
		102F8E4F1E64369300AC6759 /* Sources */ = {
			isa = PBXSourcesBuildPhase;
			buildActionMask = 2147483647;
			files = (
				102F8E591E64369300AC6759 /* ViewController.swift in Sources */,
				102F8E571E64369300AC6759 /* AppDelegate.swift in Sources */,
			);
			runOnlyForDeploymentPostprocessing = 0;
		};
		102F8E601E64369300AC6759 /* Sources */ = {
			isa = PBXSourcesBuildPhase;
			buildActionMask = 2147483647;
			files = (
			);
			runOnlyForDeploymentPostprocessing = 0;
		};
		102F8E6B1E64369300AC6759 /* Sources */ = {
			isa = PBXSourcesBuildPhase;
			buildActionMask = 2147483647;
			files = (
			);
			runOnlyForDeploymentPostprocessing = 0;
		};
/* End PBXSourcesBuildPhase section */

/* Begin PBXTargetDependency section */
		102F8E661E64369300AC6759 /* PBXTargetDependency */ = {
			isa = PBXTargetDependency;
			target = 102F8E521E64369300AC6759 /* Printer */;
			targetProxy = 102F8E651E64369300AC6759 /* PBXContainerItemProxy */;
		};
		102F8E711E64369300AC6759 /* PBXTargetDependency */ = {
			isa = PBXTargetDependency;
			target = 102F8E521E64369300AC6759 /* Printer */;
			targetProxy = 102F8E701E64369300AC6759 /* PBXContainerItemProxy */;
		};
/* End PBXTargetDependency section */

/* Begin PBXVariantGroup section */
		102F8E5C1E64369300AC6759 /* Main.storyboard */ = {
			isa = PBXVariantGroup;
			children = (
				102F8E5D1E64369300AC6759 /* Base */,
			);
			name = Main.storyboard;
			sourceTree = "<group>";
		};
/* End PBXVariantGroup section */

/* Begin XCBuildConfiguration section */
		102F8E761E64369300AC6759 /* Debug */ = {
			isa = XCBuildConfiguration;
			buildSettings = {
				ALWAYS_SEARCH_USER_PATHS = NO;
				CLANG_ANALYZER_LOCALIZABILITY_NONLOCALIZED = YES;
				CLANG_ANALYZER_NONNULL = YES;
				CLANG_CXX_LANGUAGE_STANDARD = "gnu++0x";
				CLANG_CXX_LIBRARY = "libc++";
				CLANG_ENABLE_MODULES = YES;
				CLANG_ENABLE_OBJC_ARC = YES;
				CLANG_WARN_BLOCK_CAPTURE_AUTORELEASING = YES;
				CLANG_WARN_BOOL_CONVERSION = YES;
				CLANG_WARN_COMMA = YES;
				CLANG_WARN_CONSTANT_CONVERSION = YES;
				CLANG_WARN_DEPRECATED_OBJC_IMPLEMENTATIONS = YES;
				CLANG_WARN_DIRECT_OBJC_ISA_USAGE = YES_ERROR;
				CLANG_WARN_DOCUMENTATION_COMMENTS = YES;
				CLANG_WARN_EMPTY_BODY = YES;
				CLANG_WARN_ENUM_CONVERSION = YES;
				CLANG_WARN_INFINITE_RECURSION = YES;
				CLANG_WARN_INT_CONVERSION = YES;
				CLANG_WARN_NON_LITERAL_NULL_CONVERSION = YES;
				CLANG_WARN_OBJC_IMPLICIT_RETAIN_SELF = YES;
				CLANG_WARN_OBJC_LITERAL_CONVERSION = YES;
				CLANG_WARN_OBJC_ROOT_CLASS = YES_ERROR;
				CLANG_WARN_QUOTED_INCLUDE_IN_FRAMEWORK_HEADER = YES;
				CLANG_WARN_RANGE_LOOP_ANALYSIS = YES;
				CLANG_WARN_STRICT_PROTOTYPES = YES;
				CLANG_WARN_SUSPICIOUS_MOVE = YES;
				CLANG_WARN_UNREACHABLE_CODE = YES;
				CLANG_WARN__DUPLICATE_METHOD_MATCH = YES;
				CODE_SIGN_IDENTITY = "-";
				COPY_PHASE_STRIP = NO;
				DEAD_CODE_STRIPPING = YES;
				DEBUG_INFORMATION_FORMAT = dwarf;
				ENABLE_STRICT_OBJC_MSGSEND = YES;
				ENABLE_TESTABILITY = YES;
				GCC_C_LANGUAGE_STANDARD = gnu99;
				GCC_DYNAMIC_NO_PIC = NO;
				GCC_NO_COMMON_BLOCKS = YES;
				GCC_OPTIMIZATION_LEVEL = 0;
				GCC_PREPROCESSOR_DEFINITIONS = (
					"DEBUG=1",
					"$(inherited)",
				);
				GCC_WARN_64_TO_32_BIT_CONVERSION = YES;
				GCC_WARN_ABOUT_RETURN_TYPE = YES_ERROR;
				GCC_WARN_UNDECLARED_SELECTOR = YES;
				GCC_WARN_UNINITIALIZED_AUTOS = YES_AGGRESSIVE;
				GCC_WARN_UNUSED_FUNCTION = YES;
				GCC_WARN_UNUSED_VARIABLE = YES;
				MACOSX_DEPLOYMENT_TARGET = 10.10;
				MTL_ENABLE_DEBUG_INFO = YES;
				ONLY_ACTIVE_ARCH = YES;
				SDKROOT = macosx;
				SWIFT_ACTIVE_COMPILATION_CONDITIONS = DEBUG;
				SWIFT_OPTIMIZATION_LEVEL = "-Onone";
				SWIFT_VERSION = 4.2;
			};
			name = Debug;
		};
		102F8E771E64369300AC6759 /* Release */ = {
			isa = XCBuildConfiguration;
			buildSettings = {
				ALWAYS_SEARCH_USER_PATHS = NO;
				CLANG_ANALYZER_LOCALIZABILITY_NONLOCALIZED = YES;
				CLANG_ANALYZER_NONNULL = YES;
				CLANG_CXX_LANGUAGE_STANDARD = "gnu++0x";
				CLANG_CXX_LIBRARY = "libc++";
				CLANG_ENABLE_MODULES = YES;
				CLANG_ENABLE_OBJC_ARC = YES;
				CLANG_WARN_BLOCK_CAPTURE_AUTORELEASING = YES;
				CLANG_WARN_BOOL_CONVERSION = YES;
				CLANG_WARN_COMMA = YES;
				CLANG_WARN_CONSTANT_CONVERSION = YES;
				CLANG_WARN_DEPRECATED_OBJC_IMPLEMENTATIONS = YES;
				CLANG_WARN_DIRECT_OBJC_ISA_USAGE = YES_ERROR;
				CLANG_WARN_DOCUMENTATION_COMMENTS = YES;
				CLANG_WARN_EMPTY_BODY = YES;
				CLANG_WARN_ENUM_CONVERSION = YES;
				CLANG_WARN_INFINITE_RECURSION = YES;
				CLANG_WARN_INT_CONVERSION = YES;
				CLANG_WARN_NON_LITERAL_NULL_CONVERSION = YES;
				CLANG_WARN_OBJC_IMPLICIT_RETAIN_SELF = YES;
				CLANG_WARN_OBJC_LITERAL_CONVERSION = YES;
				CLANG_WARN_OBJC_ROOT_CLASS = YES_ERROR;
				CLANG_WARN_QUOTED_INCLUDE_IN_FRAMEWORK_HEADER = YES;
				CLANG_WARN_RANGE_LOOP_ANALYSIS = YES;
				CLANG_WARN_STRICT_PROTOTYPES = YES;
				CLANG_WARN_SUSPICIOUS_MOVE = YES;
				CLANG_WARN_UNREACHABLE_CODE = YES;
				CLANG_WARN__DUPLICATE_METHOD_MATCH = YES;
				CODE_SIGN_IDENTITY = "-";
				COPY_PHASE_STRIP = NO;
				DEAD_CODE_STRIPPING = YES;
				DEBUG_INFORMATION_FORMAT = "dwarf-with-dsym";
				ENABLE_NS_ASSERTIONS = NO;
				ENABLE_STRICT_OBJC_MSGSEND = YES;
				GCC_C_LANGUAGE_STANDARD = gnu99;
				GCC_NO_COMMON_BLOCKS = YES;
				GCC_WARN_64_TO_32_BIT_CONVERSION = YES;
				GCC_WARN_ABOUT_RETURN_TYPE = YES_ERROR;
				GCC_WARN_UNDECLARED_SELECTOR = YES;
				GCC_WARN_UNINITIALIZED_AUTOS = YES_AGGRESSIVE;
				GCC_WARN_UNUSED_FUNCTION = YES;
				GCC_WARN_UNUSED_VARIABLE = YES;
				MACOSX_DEPLOYMENT_TARGET = 10.10;
				MTL_ENABLE_DEBUG_INFO = NO;
				SDKROOT = macosx;
				SWIFT_OPTIMIZATION_LEVEL = "-Owholemodule";
				SWIFT_VERSION = 4.2;
			};
			name = Release;
		};
		102F8E791E64369300AC6759 /* Debug */ = {
			isa = XCBuildConfiguration;
			buildSettings = {
				ASSETCATALOG_COMPILER_APPICON_NAME = AppIcon;
				CODE_SIGN_IDENTITY = "-";
				COMBINE_HIDPI_IMAGES = YES;
				DEAD_CODE_STRIPPING = YES;
				INFOPLIST_FILE = Print/Info.plist;
				LD_RUNPATH_SEARCH_PATHS = "$(inherited) @executable_path/../Frameworks";
				MACOSX_DEPLOYMENT_TARGET = "$(RECOMMENDED_MACOSX_DEPLOYMENT_TARGET)";
				MARKETING_VERSION = 1.0;
				PRODUCT_BUNDLE_IDENTIFIER = it.Print;
				PRODUCT_NAME = "$(TARGET_NAME)";
				SWIFT_SWIFT3_OBJC_INFERENCE = Default;
				SWIFT_VERSION = 5.0;
			};
			name = Debug;
		};
		102F8E7A1E64369300AC6759 /* Release */ = {
			isa = XCBuildConfiguration;
			buildSettings = {
				ASSETCATALOG_COMPILER_APPICON_NAME = AppIcon;
				CODE_SIGN_IDENTITY = "-";
				COMBINE_HIDPI_IMAGES = YES;
				DEAD_CODE_STRIPPING = YES;
				INFOPLIST_FILE = Print/Info.plist;
				LD_RUNPATH_SEARCH_PATHS = "$(inherited) @executable_path/../Frameworks";
				MACOSX_DEPLOYMENT_TARGET = "$(RECOMMENDED_MACOSX_DEPLOYMENT_TARGET)";
				MARKETING_VERSION = 1.0;
				PRODUCT_BUNDLE_IDENTIFIER = it.Print;
				PRODUCT_NAME = "$(TARGET_NAME)";
				SWIFT_SWIFT3_OBJC_INFERENCE = Default;
				SWIFT_VERSION = 5.0;
			};
			name = Release;
		};
		102F8E7C1E64369300AC6759 /* Debug */ = {
			isa = XCBuildConfiguration;
			buildSettings = {
				ALWAYS_EMBED_SWIFT_STANDARD_LIBRARIES = YES;
				BUNDLE_LOADER = "$(TEST_HOST)";
				COMBINE_HIDPI_IMAGES = YES;
				DEAD_CODE_STRIPPING = YES;
				INFOPLIST_FILE = PrintTests/Info.plist;
				LD_RUNPATH_SEARCH_PATHS = "$(inherited) @executable_path/../Frameworks @loader_path/../Frameworks";
				MACOSX_DEPLOYMENT_TARGET = "$(RECOMMENDED_MACOSX_DEPLOYMENT_TARGET)";
				PRODUCT_BUNDLE_IDENTIFIER = jusk.PrintTests;
				PRODUCT_NAME = "$(TARGET_NAME)";
				SWIFT_VERSION = 3.0;
				TEST_HOST = "$(BUILT_PRODUCTS_DIR)/Printer.app/Contents/MacOS/Printer";
			};
			name = Debug;
		};
		102F8E7D1E64369300AC6759 /* Release */ = {
			isa = XCBuildConfiguration;
			buildSettings = {
				ALWAYS_EMBED_SWIFT_STANDARD_LIBRARIES = YES;
				BUNDLE_LOADER = "$(TEST_HOST)";
				COMBINE_HIDPI_IMAGES = YES;
				DEAD_CODE_STRIPPING = YES;
				INFOPLIST_FILE = PrintTests/Info.plist;
				LD_RUNPATH_SEARCH_PATHS = "$(inherited) @executable_path/../Frameworks @loader_path/../Frameworks";
				MACOSX_DEPLOYMENT_TARGET = "$(RECOMMENDED_MACOSX_DEPLOYMENT_TARGET)";
				PRODUCT_BUNDLE_IDENTIFIER = jusk.PrintTests;
				PRODUCT_NAME = "$(TARGET_NAME)";
				SWIFT_VERSION = 3.0;
				TEST_HOST = "$(BUILT_PRODUCTS_DIR)/Printer.app/Contents/MacOS/Printer";
			};
			name = Release;
		};
		102F8E7F1E64369300AC6759 /* Debug */ = {
			isa = XCBuildConfiguration;
			buildSettings = {
				ALWAYS_EMBED_SWIFT_STANDARD_LIBRARIES = YES;
				COMBINE_HIDPI_IMAGES = YES;
				DEAD_CODE_STRIPPING = YES;
				INFOPLIST_FILE = PrintUITests/Info.plist;
				LD_RUNPATH_SEARCH_PATHS = "$(inherited) @executable_path/../Frameworks @loader_path/../Frameworks";
				MACOSX_DEPLOYMENT_TARGET = "$(RECOMMENDED_MACOSX_DEPLOYMENT_TARGET)";
				PRODUCT_BUNDLE_IDENTIFIER = jusk.PrintUITests;
				PRODUCT_NAME = "$(TARGET_NAME)";
				SWIFT_VERSION = 3.0;
				TEST_TARGET_NAME = Print;
			};
			name = Debug;
		};
		102F8E801E64369300AC6759 /* Release */ = {
			isa = XCBuildConfiguration;
			buildSettings = {
				ALWAYS_EMBED_SWIFT_STANDARD_LIBRARIES = YES;
				COMBINE_HIDPI_IMAGES = YES;
				DEAD_CODE_STRIPPING = YES;
				INFOPLIST_FILE = PrintUITests/Info.plist;
				LD_RUNPATH_SEARCH_PATHS = "$(inherited) @executable_path/../Frameworks @loader_path/../Frameworks";
				MACOSX_DEPLOYMENT_TARGET = "$(RECOMMENDED_MACOSX_DEPLOYMENT_TARGET)";
				PRODUCT_BUNDLE_IDENTIFIER = jusk.PrintUITests;
				PRODUCT_NAME = "$(TARGET_NAME)";
				SWIFT_VERSION = 3.0;
				TEST_TARGET_NAME = Print;
			};
			name = Release;
		};
/* End XCBuildConfiguration section */

/* Begin XCConfigurationList section */
		102F8E4E1E64369300AC6759 /* Build configuration list for PBXProject "Printer" */ = {
			isa = XCConfigurationList;
			buildConfigurations = (
				102F8E761E64369300AC6759 /* Debug */,
				102F8E771E64369300AC6759 /* Release */,
			);
			defaultConfigurationIsVisible = 0;
			defaultConfigurationName = Release;
		};
		102F8E781E64369300AC6759 /* Build configuration list for PBXNativeTarget "Printer" */ = {
			isa = XCConfigurationList;
			buildConfigurations = (
				102F8E791E64369300AC6759 /* Debug */,
				102F8E7A1E64369300AC6759 /* Release */,
			);
			defaultConfigurationIsVisible = 0;
			defaultConfigurationName = Release;
		};
		102F8E7B1E64369300AC6759 /* Build configuration list for PBXNativeTarget "PrinterTests" */ = {
			isa = XCConfigurationList;
			buildConfigurations = (
				102F8E7C1E64369300AC6759 /* Debug */,
				102F8E7D1E64369300AC6759 /* Release */,
			);
			defaultConfigurationIsVisible = 0;
			defaultConfigurationName = Release;
		};
		102F8E7E1E64369300AC6759 /* Build configuration list for PBXNativeTarget "PrinterUITests" */ = {
			isa = XCConfigurationList;
			buildConfigurations = (
				102F8E7F1E64369300AC6759 /* Debug */,
				102F8E801E64369300AC6759 /* Release */,
			);
			defaultConfigurationIsVisible = 0;
			defaultConfigurationName = Release;
		};
/* End XCConfigurationList section */
	};
	rootObject = 102F8E4B1E64369300AC6759 /* Project object */;
}
